
Microsoft Visual Studio Solution File, Format Version 12.00
# Visual Studio 2017
Project("{FAE04EC0-301F-11D3-BF4B-00C04F79EFBC}") = "ThirdPersonBuy", "ThirdPersonBuy.csproj", "{AB3F1932-9045-2BA9-3691-AF86C977F731}"
EndProject
Project("{FAE04EC0-301F-11D3-BF4B-00C04F79EFBC}") = "ThirdPersonBuy.Editor", "ThirdPersonBuy.Editor.csproj", "{18089998-28A1-C126-AAA3-13FAC1467079}"
EndProject
Global
	GlobalSection(SolutionConfigurationPlatforms) = preSolution
		Debug|Any CPU = Debug|Any CPU
		Release|Any CPU = Release|Any CPU
	EndGlobalSection
	GlobalSection(ProjectConfigurationPlatforms) = postSolution
		{AB3F1932-9045-2BA9-3691-AF86C977F731}.Debug|Any CPU.ActiveCfg = Debug|Any CPU
		{AB3F1932-9045-2BA9-3691-AF86C977F731}.Debug|Any CPU.Build.0 = Debug|Any CPU
		{AB3F1932-9045-2BA9-3691-AF86C977F731}.Release|Any CPU.ActiveCfg = Release|Any CPU
		{AB3F1932-9045-2BA9-3691-AF86C977F731}.Release|Any CPU.Build.0 = Release|Any CPU
		{18089998-28A1-C126-AAA3-13FAC1467079}.Debug|Any CPU.ActiveCfg = Debug|Any CPU
		{18089998-28A1-C126-AAA3-13FAC1467079}.Debug|Any CPU.Build.0 = Debug|Any CPU
		{18089998-28A1-C126-AAA3-13FAC1467079}.Release|Any CPU.ActiveCfg = Release|Any CPU
		{18089998-28A1-C126-AAA3-13FAC1467079}.Release|Any CPU.Build.0 = Release|Any CPU
	EndGlobalSection
	GlobalSection(SolutionProperties) = preSolution
		HideSolutionNode = FALSE
	EndGlobalSection
EndGlobal
