Microsoft Visual Studio Solution File, Format Version 11.00
# Visual Studio 2008

Project("{36745B67-37E2-A522-2911-3E545EFB545D}") = "ThirdPersonBuy", "Assembly-CSharp.csproj", "{DBCDDA9A-0B3B-9AF2-8434-EC83B7DCFE7C}"
EndProject
Project("{36745B67-37E2-A522-2911-3E545EFB545D}") = "ThirdPersonBuy", "Assembly-CSharp-Editor.csproj", "{B8A4423E-ECDD-4CE9-0609-F8C1AE1A2DBC}"
EndProject
Global
	GlobalSection(SolutionConfigurationPlatforms) = preSolution
		Debug|Any CPU = Debug|Any CPU
		Release|Any CPU = Release|Any CPU
	EndGlobalSection
	GlobalSection(ProjectConfigurationPlatforms) = postSolution
		{DBCDDA9A-0B3B-9AF2-8434-EC83B7DCFE7C}.Debug|Any CPU.ActiveCfg = Debug|Any CPU
		{DBCDDA9A-0B3B-9AF2-8434-EC83B7DCFE7C}.Debug|Any CPU.Build.0 = Debug|Any CPU
		{DBCDDA9A-0B3B-9AF2-8434-EC83B7DCFE7C}.Release|Any CPU.ActiveCfg = Release|Any CPU
		{DBCDDA9A-0B3B-9AF2-8434-EC83B7DCFE7C}.Release|Any CPU.Build.0 = Release|Any CPU
		{B8A4423E-ECDD-4CE9-0609-F8C1AE1A2DBC}.Debug|Any CPU.ActiveCfg = Debug|Any CPU
		{B8A4423E-ECDD-4CE9-0609-F8C1AE1A2DBC}.Debug|Any CPU.Build.0 = Debug|Any CPU
		{B8A4423E-ECDD-4CE9-0609-F8C1AE1A2DBC}.Release|Any CPU.ActiveCfg = Release|Any CPU
		{B8A4423E-ECDD-4CE9-0609-F8C1AE1A2DBC}.Release|Any CPU.Build.0 = Release|Any CPU
	EndGlobalSection
	GlobalSection(SolutionProperties) = preSolution
		HideSolutionNode = FALSE
	EndGlobalSection
	GlobalSection(MonoDevelopProperties) = preSolution
		StartupItem = Assembly-CSharp.csproj
	EndGlobalSection
EndGlobal
